
Microsoft Visual Studio Solution File, Format Version 12.00
# Visual Studio Version 16
VisualStudioVersion = 16.0.29215.179
MinimumVisualStudioVersion = 10.0.40219.1
Project("{2150E333-8FDC-42A3-9474-1A3956D46DE8}") = "1.实体模型", "1.实体模型", "{135C612F-EB96-4B26-B64E-F9873D175AAE}"
EndProject
Project("{2150E333-8FDC-42A3-9474-1A3956D46DE8}") = "2.数据访问", "2.数据访问", "{7B5436C1-E40A-40CB-B0FE-C0581DF112A8}"
EndProject
Project("{2150E333-8FDC-42A3-9474-1A3956D46DE8}") = "3.业务逻辑", "3.业务逻辑", "{1CD09425-C5C2-4B91-AFF9-A1114C929AA5}"
EndProject
Project("{2150E333-8FDC-42A3-9474-1A3956D46DE8}") = "4.通用工具", "4.通用工具", "{A0ACF5F6-D2F0-4622-8E0E-5CC7CF28BDCE}"
EndProject
Project("{2150E333-8FDC-42A3-9474-1A3956D46DE8}") = "5.接口服务", "5.接口服务", "{8D842422-F69A-4471-90BC-A3FF1E642AD2}"
EndProject
Project("{FAE04EC0-301F-11D3-BF4B-00C04F79EFBC}") = "WebBlog.API", "WebBlog.API\WebBlog.API.csproj", "{2DAF7A6F-E3D4-436D-900B-9A40C0650AE0}"
EndProject
Project("{FAE04EC0-301F-11D3-BF4B-00C04F79EFBC}") = "WebBlog.API.Tests", "WebBlog.API.Tests\WebBlog.API.Tests.csproj", "{7B4FC875-CBC9-4A01-837D-BE1DC817F27C}"
EndProject
Project("{2150E333-8FDC-42A3-9474-1A3956D46DE8}") = "6.接口测试用例", "6.接口测试用例", "{15021CC3-E0C9-4D40-9EFE-F7ED88C46F11}"
EndProject
Project("{FAE04EC0-301F-11D3-BF4B-00C04F79EFBC}") = "WebBlog.Services", "WebBlog.Services\WebBlog.Services.csproj", "{0975C701-6A69-4643-8BF2-205D918B21B2}"
EndProject
Project("{FAE04EC0-301F-11D3-BF4B-00C04F79EFBC}") = "WebApplication1", "WebApplication1\WebApplication1.csproj", "{17E8372C-8A17-472B-BD16-CF8823641195}"
EndProject
Project("{FAE04EC0-301F-11D3-BF4B-00C04F79EFBC}") = "WebBlog.DB", "WebBlog.DB\WebBlog.DB.csproj", "{E673553B-272F-429B-84CA-2EB7BC40E070}"
EndProject
Project("{FAE04EC0-301F-11D3-BF4B-00C04F79EFBC}") = "WebBlog.Model", "WebBlog.Model\WebBlog.Model.csproj", "{E002E249-B66A-459D-9089-D241BE048A30}"
EndProject
Global
	GlobalSection(SolutionConfigurationPlatforms) = preSolution
		Debug|Any CPU = Debug|Any CPU
		Release|Any CPU = Release|Any CPU
	EndGlobalSection
	GlobalSection(ProjectConfigurationPlatforms) = postSolution
		{2DAF7A6F-E3D4-436D-900B-9A40C0650AE0}.Debug|Any CPU.ActiveCfg = Debug|Any CPU
		{2DAF7A6F-E3D4-436D-900B-9A40C0650AE0}.Debug|Any CPU.Build.0 = Debug|Any CPU
		{2DAF7A6F-E3D4-436D-900B-9A40C0650AE0}.Release|Any CPU.ActiveCfg = Release|Any CPU
		{2DAF7A6F-E3D4-436D-900B-9A40C0650AE0}.Release|Any CPU.Build.0 = Release|Any CPU
		{7B4FC875-CBC9-4A01-837D-BE1DC817F27C}.Debug|Any CPU.ActiveCfg = Debug|Any CPU
		{7B4FC875-CBC9-4A01-837D-BE1DC817F27C}.Debug|Any CPU.Build.0 = Debug|Any CPU
		{7B4FC875-CBC9-4A01-837D-BE1DC817F27C}.Release|Any CPU.ActiveCfg = Release|Any CPU
		{7B4FC875-CBC9-4A01-837D-BE1DC817F27C}.Release|Any CPU.Build.0 = Release|Any CPU
		{0975C701-6A69-4643-8BF2-205D918B21B2}.Debug|Any CPU.ActiveCfg = Debug|Any CPU
		{0975C701-6A69-4643-8BF2-205D918B21B2}.Debug|Any CPU.Build.0 = Debug|Any CPU
		{0975C701-6A69-4643-8BF2-205D918B21B2}.Release|Any CPU.ActiveCfg = Release|Any CPU
		{0975C701-6A69-4643-8BF2-205D918B21B2}.Release|Any CPU.Build.0 = Release|Any CPU
		{17E8372C-8A17-472B-BD16-CF8823641195}.Debug|Any CPU.ActiveCfg = Debug|Any CPU
		{17E8372C-8A17-472B-BD16-CF8823641195}.Debug|Any CPU.Build.0 = Debug|Any CPU
		{17E8372C-8A17-472B-BD16-CF8823641195}.Release|Any CPU.ActiveCfg = Release|Any CPU
		{17E8372C-8A17-472B-BD16-CF8823641195}.Release|Any CPU.Build.0 = Release|Any CPU
		{E673553B-272F-429B-84CA-2EB7BC40E070}.Debug|Any CPU.ActiveCfg = Debug|Any CPU
		{E673553B-272F-429B-84CA-2EB7BC40E070}.Debug|Any CPU.Build.0 = Debug|Any CPU
		{E673553B-272F-429B-84CA-2EB7BC40E070}.Release|Any CPU.ActiveCfg = Release|Any CPU
		{E673553B-272F-429B-84CA-2EB7BC40E070}.Release|Any CPU.Build.0 = Release|Any CPU
		{E002E249-B66A-459D-9089-D241BE048A30}.Debug|Any CPU.ActiveCfg = Debug|Any CPU
		{E002E249-B66A-459D-9089-D241BE048A30}.Debug|Any CPU.Build.0 = Debug|Any CPU
		{E002E249-B66A-459D-9089-D241BE048A30}.Release|Any CPU.ActiveCfg = Release|Any CPU
		{E002E249-B66A-459D-9089-D241BE048A30}.Release|Any CPU.Build.0 = Release|Any CPU
	EndGlobalSection
	GlobalSection(SolutionProperties) = preSolution
		HideSolutionNode = FALSE
	EndGlobalSection
	GlobalSection(NestedProjects) = preSolution
		{2DAF7A6F-E3D4-436D-900B-9A40C0650AE0} = {8D842422-F69A-4471-90BC-A3FF1E642AD2}
		{7B4FC875-CBC9-4A01-837D-BE1DC817F27C} = {15021CC3-E0C9-4D40-9EFE-F7ED88C46F11}
		{0975C701-6A69-4643-8BF2-205D918B21B2} = {1CD09425-C5C2-4B91-AFF9-A1114C929AA5}
		{17E8372C-8A17-472B-BD16-CF8823641195} = {15021CC3-E0C9-4D40-9EFE-F7ED88C46F11}
		{E673553B-272F-429B-84CA-2EB7BC40E070} = {7B5436C1-E40A-40CB-B0FE-C0581DF112A8}
		{E002E249-B66A-459D-9089-D241BE048A30} = {135C612F-EB96-4B26-B64E-F9873D175AAE}
	EndGlobalSection
	GlobalSection(ExtensibilityGlobals) = postSolution
		SolutionGuid = {C827EF40-5DBD-4D7C-B807-F9E59C364579}
	EndGlobalSection
EndGlobal
